
Microsoft Visual Studio Solution File, Format Version 12.00
# Visual Studio Version 16
VisualStudioVersion = 16.0.30611.23
MinimumVisualStudioVersion = 10.0.40219.1
Project("{FAE04EC0-301F-11D3-BF4B-00C04F79EFBC}") = "DadJokeReactTest", "DadJokeReactTest\DadJokeReactTest.csproj", "{890EA307-7185-4033-84D5-BAA5441C6921}"
EndProject
Global
	GlobalSection(SolutionConfigurationPlatforms) = preSolution
		Debug|Any CPU = Debug|Any CPU
		Release|Any CPU = Release|Any CPU
	EndGlobalSection
	GlobalSection(ProjectConfigurationPlatforms) = postSolution
		{890EA307-7185-4033-84D5-BAA5441C6921}.Debug|Any CPU.ActiveCfg = Debug|Any CPU
		{890EA307-7185-4033-84D5-BAA5441C6921}.Debug|Any CPU.Build.0 = Debug|Any CPU
		{890EA307-7185-4033-84D5-BAA5441C6921}.Release|Any CPU.ActiveCfg = Release|Any CPU
		{890EA307-7185-4033-84D5-BAA5441C6921}.Release|Any CPU.Build.0 = Release|Any CPU
	EndGlobalSection
	GlobalSection(SolutionProperties) = preSolution
		HideSolutionNode = FALSE
	EndGlobalSection
	GlobalSection(ExtensibilityGlobals) = postSolution
		SolutionGuid = {DEB5229F-50E0-4FD5-8D77-F62072F6D74C}
	EndGlobalSection
EndGlobal
